
Microsoft Visual Studio Solution File, Format Version 12.00
# Visual Studio Version 16
VisualStudioVersion = 16.0.32228.343
MinimumVisualStudioVersion = 10.0.40219.1
Project("{FAE04EC0-301F-11D3-BF4B-00C04F79EFBC}") = "RoomPlugin", "RoomPlugin.csproj", "{B04F8316-8C34-4C13-A1CF-32AC3983737B}"
EndProject
Global
	GlobalSection(SolutionConfigurationPlatforms) = preSolution
		Debug|Any CPU = Debug|Any CPU
		Release|Any CPU = Release|Any CPU
	EndGlobalSection
	GlobalSection(ProjectConfigurationPlatforms) = postSolution
		{B04F8316-8C34-4C13-A1CF-32AC3983737B}.Debug|Any CPU.ActiveCfg = Debug|Any CPU
		{B04F8316-8C34-4C13-A1CF-32AC3983737B}.Debug|Any CPU.Build.0 = Debug|Any CPU
		{B04F8316-8C34-4C13-A1CF-32AC3983737B}.Release|Any CPU.ActiveCfg = Release|Any CPU
		{B04F8316-8C34-4C13-A1CF-32AC3983737B}.Release|Any CPU.Build.0 = Release|Any CPU
	EndGlobalSection
	GlobalSection(SolutionProperties) = preSolution
		HideSolutionNode = FALSE
	EndGlobalSection
	GlobalSection(ExtensibilityGlobals) = postSolution
		SolutionGuid = {7F03BB4D-8120-46DE-8F0A-CC5C087C1D2C}
	EndGlobalSection
EndGlobal
